
Microsoft Visual Studio Solution File, Format Version 12.00
# Visual Studio Version 16
VisualStudioVersion = 16.0.32106.194
MinimumVisualStudioVersion = 10.0.40219.1
Project("{FAE04EC0-301F-11D3-BF4B-00C04F79EFBC}") = "HelloWorld", "HelloWorld\HelloWorld.csproj", "{EE8D334E-18DC-436C-BA6F-A3CB722F148F}"
EndProject
Global
	GlobalSection(SolutionConfigurationPlatforms) = preSolution
		Debug|Any CPU = Debug|Any CPU
		Release|Any CPU = Release|Any CPU
	EndGlobalSection
	GlobalSection(ProjectConfigurationPlatforms) = postSolution
		{EE8D334E-18DC-436C-BA6F-A3CB722F148F}.Debug|Any CPU.ActiveCfg = Debug|Any CPU
		{EE8D334E-18DC-436C-BA6F-A3CB722F148F}.Debug|Any CPU.Build.0 = Debug|Any CPU
		{EE8D334E-18DC-436C-BA6F-A3CB722F148F}.Release|Any CPU.ActiveCfg = Release|Any CPU
		{EE8D334E-18DC-436C-BA6F-A3CB722F148F}.Release|Any CPU.Build.0 = Release|Any CPU
	EndGlobalSection
	GlobalSection(SolutionProperties) = preSolution
		HideSolutionNode = FALSE
	EndGlobalSection
	GlobalSection(ExtensibilityGlobals) = postSolution
		SolutionGuid = {E10731FF-2E7B-442E-8D41-9C925879A8B5}
	EndGlobalSection
EndGlobal
